hash: 82c3f302cd288e4593326bd4a31468b68e4af2c3aa2ee7563509a240d6c54a4e
updated: 2017-08-06T13:16:20.566379644+07:00
imports:
- name: github.com/andybalholm/cascadia
  version: 349dd0209470eabd9514242c688c403c0926d266
- name: github.com/apaxa-go/eval
  version: 777d9813105ac8851cf569cf9310a0a22b66c901
- name: github.com/apaxa-go/helper
  version: 118675ab0b5f45e739442e7c9fa99f780f1eb9d9
  subpackages:
  - goh/asth
  - goh/constanth
  - goh/tokenh
  - mathh
  - reflecth
  - strconvh
  - stringsh
- name: github.com/gtank/cryptopasta
  version: 1f550f6f2f69009f6ae57347c188e0a67cd4e500
- name: github.com/hashicorp/errwrap
  version: 7554cd9344cec97297fa6649b055a8c98c2a1e55
- name: github.com/hashicorp/go-multierror
  version: 83588e72410abfbe4df460eeb6f30841ae47d4c4
- name: github.com/PuerkitoBio/goquery
  version: e1271ee34c6a305e38566ecd27ae374944907ee9
- name: golang.org/x/crypto
  version: 42ff06aea7c329876e5a0fe94acc96902accf0ad
  subpackages:
  - bcrypt
  - blowfish
- name: golang.org/x/net
  version: f5079bd7f6f74e23c4d65efa0f4ce14cbd6a3c0f
  subpackages:
  - html
  - html/atom
- name: golang.org/x/text
  version: 3bd178b88a8180be2df394a1fbb81313916f0e7b
  subpackages:
  - transform
  - unicode/norm
- name: gopkg.in/xmlpath.v2
  version: 860cbeca3ebcc600db0b213c0e83ad6ce91f5739
testImports:
- name: github.com/davecgh/go-spew
  version: 6d212800a42e8ab5c146b8ace3490ee17e5225f9
  subpackages:
  - spew
- name: github.com/pmezard/go-difflib
  version: d8ed2627bdf02c080bf22230dbb337003b7aba2d
  subpackages:
  - difflib
- name: github.com/stretchr/testify
  version: 69483b4bd14f5845b5a1e55bca19e954e827f1d0
  subpackages:
  - assert
